
Microsoft Visual Studio Solution File, Format Version 12.00
# Visual Studio Version 16
VisualStudioVersion = 16.0.29728.190
MinimumVisualStudioVersion = 10.0.40219.1
Project("{FAE04EC0-301F-11D3-BF4B-00C04F79EFBC}") = "MVCDemo", "MVCDemo\MVCDemo.csproj", "{1F39FC84-E6A9-4E87-9E01-5577EB321B76}"
EndProject
Global
	GlobalSection(SolutionConfigurationPlatforms) = preSolution
		Debug|Any CPU = Debug|Any CPU
		Release|Any CPU = Release|Any CPU
	EndGlobalSection
	GlobalSection(ProjectConfigurationPlatforms) = postSolution
		{1F39FC84-E6A9-4E87-9E01-5577EB321B76}.Debug|Any CPU.ActiveCfg = Debug|Any CPU
		{1F39FC84-E6A9-4E87-9E01-5577EB321B76}.Debug|Any CPU.Build.0 = Debug|Any CPU
		{1F39FC84-E6A9-4E87-9E01-5577EB321B76}.Release|Any CPU.ActiveCfg = Release|Any CPU
		{1F39FC84-E6A9-4E87-9E01-5577EB321B76}.Release|Any CPU.Build.0 = Release|Any CPU
	EndGlobalSection
	GlobalSection(SolutionProperties) = preSolution
		HideSolutionNode = FALSE
	EndGlobalSection
	GlobalSection(ExtensibilityGlobals) = postSolution
		SolutionGuid = {63DF2D59-E4FC-4D56-B00C-E008E83BC8EC}
	EndGlobalSection
EndGlobal
